
Microsoft Visual Studio Solution File, Format Version 12.00
# Visual Studio Version 17
VisualStudioVersion = 17.1.32104.313
MinimumVisualStudioVersion = 10.0.40219.1
Project("{FAE04EC0-301F-11D3-BF4B-00C04F79EFBC}") = "tapsiriq 10 CS", "tapsiriq 10 CS\tapsiriq 10 CS.csproj", "{157D0098-9512-4C2D-9E5F-ADC9B84280EA}"
EndProject
Global
	GlobalSection(SolutionConfigurationPlatforms) = preSolution
		Debug|Any CPU = Debug|Any CPU
		Release|Any CPU = Release|Any CPU
	EndGlobalSection
	GlobalSection(ProjectConfigurationPlatforms) = postSolution
		{157D0098-9512-4C2D-9E5F-ADC9B84280EA}.Debug|Any CPU.ActiveCfg = Debug|Any CPU
		{157D0098-9512-4C2D-9E5F-ADC9B84280EA}.Debug|Any CPU.Build.0 = Debug|Any CPU
		{157D0098-9512-4C2D-9E5F-ADC9B84280EA}.Release|Any CPU.ActiveCfg = Release|Any CPU
		{157D0098-9512-4C2D-9E5F-ADC9B84280EA}.Release|Any CPU.Build.0 = Release|Any CPU
	EndGlobalSection
	GlobalSection(SolutionProperties) = preSolution
		HideSolutionNode = FALSE
	EndGlobalSection
	GlobalSection(ExtensibilityGlobals) = postSolution
		SolutionGuid = {8300BBBA-2568-435E-B622-DF54B64FF544}
	EndGlobalSection
EndGlobal
